// !$*UTF8*$!
{
	archiveVersion = 1;
	classes = {
	};
	objectVersion = 46;
	objects = {

/* Begin PBXBuildFile section */
		D39D23A117822A2300213D63 /* Foundation.framework in Frameworks */ = {isa = PBXBuildFile; fileRef = D39D23A017822A2300213D63 /* Foundation.framework */; };
		D39D23B017822A2400213D63 /* SenTestingKit.framework in Frameworks */ = {isa = PBXBuildFile; fileRef = D39D23AF17822A2400213D63 /* SenTestingKit.framework */; };
		D39D23B217822A2400213D63 /* UIKit.framework in Frameworks */ = {isa = PBXBuildFile; fileRef = D39D23B117822A2400213D63 /* UIKit.framework */; };
		D39D23B317822A2400213D63 /* Foundation.framework in Frameworks */ = {isa = PBXBuildFile; fileRef = D39D23A017822A2300213D63 /* Foundation.framework */; };
		D39D23B817822A2400213D63 /* FutureKit.framework in Frameworks */ = {isa = PBXBuildFile; fileRef = D39D239D17822A2300213D63 /* FutureKit.framework */; };
		D39D23CF17822AAB00213D63 /* FutureKitTests.m in Sources */ = {isa = PBXBuildFile; fileRef = D39D23CE17822AAB00213D63 /* FutureKitTests.m */; };
		D39D23EA1782360500213D63 /* FKFuture.h in Headers */ = {isa = PBXBuildFile; fileRef = D39D23E81782360500213D63 /* FKFuture.h */; settings = {ATTRIBUTES = (Public, ); }; };
		D39D23EB1782360500213D63 /* FKFuture.m in Sources */ = {isa = PBXBuildFile; fileRef = D39D23E91782360500213D63 /* FKFuture.m */; };
		D39D23ED1782369300213D63 /* FutureKit.h in Headers */ = {isa = PBXBuildFile; fileRef = D39D23EC1782369300213D63 /* FutureKit.h */; settings = {ATTRIBUTES = (Public, ); }; };
/* End PBXBuildFile section */

/* Begin PBXContainerItemProxy section */
		D39D23B417822A2400213D63 /* PBXContainerItemProxy */ = {
			isa = PBXContainerItemProxy;
			containerPortal = D39D239117822A2300213D63 /* Project object */;
			proxyType = 1;
			remoteGlobalIDString = D39D239C17822A2300213D63;
			remoteInfo = FutureKit;
		};
		D39D23B617822A2400213D63 /* PBXContainerItemProxy */ = {
			isa = PBXContainerItemProxy;
			containerPortal = D39D239117822A2300213D63 /* Project object */;
			proxyType = 1;
			remoteGlobalIDString = D39D239C17822A2300213D63;
			remoteInfo = FutureKit;
		};
/* End PBXContainerItemProxy section */

/* Begin PBXFileReference section */
		D39D239D17822A2300213D63 /* FutureKit.framework */ = {isa = PBXFileReference; explicitFileType = wrapper.framework.static; includeInIndex = 0; path = FutureKit.framework; sourceTree = BUILT_PRODUCTS_DIR; };
		D39D23A017822A2300213D63 /* Foundation.framework */ = {isa = PBXFileReference; lastKnownFileType = wrapper.framework; name = Foundation.framework; path = System/Library/Frameworks/Foundation.framework; sourceTree = SDKROOT; };
		D39D23A417822A2300213D63 /* FutureKit-Info.plist */ = {isa = PBXFileReference; lastKnownFileType = text.plist.xml; name = "FutureKit-Info.plist"; path = "resources/FutureKit-Info.plist"; sourceTree = "<group>"; };
		D39D23A817822A2300213D63 /* FutureKit-Prefix.pch */ = {isa = PBXFileReference; lastKnownFileType = sourcecode.c.h; name = "FutureKit-Prefix.pch"; path = "source/FutureKit-Prefix.pch"; sourceTree = "<group>"; };
		D39D23AE17822A2400213D63 /* FutureKitTests.octest */ = {isa = PBXFileReference; explicitFileType = wrapper.cfbundle; includeInIndex = 0; path = FutureKitTests.octest; sourceTree = BUILT_PRODUCTS_DIR; };
		D39D23AF17822A2400213D63 /* SenTestingKit.framework */ = {isa = PBXFileReference; lastKnownFileType = wrapper.framework; name = SenTestingKit.framework; path = Library/Frameworks/SenTestingKit.framework; sourceTree = DEVELOPER_DIR; };
		D39D23B117822A2400213D63 /* UIKit.framework */ = {isa = PBXFileReference; lastKnownFileType = wrapper.framework; name = UIKit.framework; path = Library/Frameworks/UIKit.framework; sourceTree = DEVELOPER_DIR; };
		D39D23BB17822A2400213D63 /* FutureKitTests-Info.plist */ = {isa = PBXFileReference; lastKnownFileType = text.plist.xml; name = "FutureKitTests-Info.plist"; path = "resources/FutureKitTests-Info.plist"; sourceTree = "<group>"; };
		D39D23CD17822AAB00213D63 /* FutureKitTests.h */ = {isa = PBXFileReference; fileEncoding = 4; lastKnownFileType = sourcecode.c.h; path = FutureKitTests.h; sourceTree = "<group>"; };
		D39D23CE17822AAB00213D63 /* FutureKitTests.m */ = {isa = PBXFileReference; fileEncoding = 4; lastKnownFileType = sourcecode.c.objc; path = FutureKitTests.m; sourceTree = "<group>"; };
		D39D23E317822AEB00213D63 /* project.xcconfig */ = {isa = PBXFileReference; lastKnownFileType = text.xcconfig; name = project.xcconfig; path = ../../project.xcconfig; sourceTree = "<group>"; };
		D39D23E81782360500213D63 /* FKFuture.h */ = {isa = PBXFileReference; fileEncoding = 4; lastKnownFileType = sourcecode.c.h; path = FKFuture.h; sourceTree = "<group>"; };
		D39D23E91782360500213D63 /* FKFuture.m */ = {isa = PBXFileReference; fileEncoding = 4; lastKnownFileType = sourcecode.c.objc; path = FKFuture.m; sourceTree = "<group>"; };
		D39D23EC1782369300213D63 /* FutureKit.h */ = {isa = PBXFileReference; fileEncoding = 4; lastKnownFileType = sourcecode.c.h; path = FutureKit.h; sourceTree = "<group>"; };
/* End PBXFileReference section */

/* Begin PBXFrameworksBuildPhase section */
		D39D239717822A2300213D63 /* Frameworks */ = {
			isa = PBXFrameworksBuildPhase;
			buildActionMask = 2147483647;
			files = (
				D39D23A117822A2300213D63 /* Foundation.framework in Frameworks */,
			);
			runOnlyForDeploymentPostprocessing = 0;
		};
		D39D23AA17822A2400213D63 /* Frameworks */ = {
			isa = PBXFrameworksBuildPhase;
			buildActionMask = 2147483647;
			files = (
				D39D23B017822A2400213D63 /* SenTestingKit.framework in Frameworks */,
				D39D23B217822A2400213D63 /* UIKit.framework in Frameworks */,
				D39D23B317822A2400213D63 /* Foundation.framework in Frameworks */,
				D39D23B817822A2400213D63 /* FutureKit.framework in Frameworks */,
			);
			runOnlyForDeploymentPostprocessing = 0;
		};
/* End PBXFrameworksBuildPhase section */

/* Begin PBXGroup section */
		D39D239017822A2300213D63 = {
			isa = PBXGroup;
			children = (
				D39D23A217822A2300213D63 /* FutureKit */,
				D39D23B917822A2400213D63 /* FutureKitTests */,
				D39D239F17822A2300213D63 /* Frameworks */,
				D39D239E17822A2300213D63 /* Products */,
				D39D23E317822AEB00213D63 /* project.xcconfig */,
			);
			sourceTree = "<group>";
		};
		D39D239E17822A2300213D63 /* Products */ = {
			isa = PBXGroup;
			children = (
				D39D239D17822A2300213D63 /* FutureKit.framework */,
				D39D23AE17822A2400213D63 /* FutureKitTests.octest */,
			);
			name = Products;
			sourceTree = "<group>";
		};
		D39D239F17822A2300213D63 /* Frameworks */ = {
			isa = PBXGroup;
			children = (
				D39D23A017822A2300213D63 /* Foundation.framework */,
				D39D23AF17822A2400213D63 /* SenTestingKit.framework */,
				D39D23B117822A2400213D63 /* UIKit.framework */,
			);
			name = Frameworks;
			sourceTree = "<group>";
		};
		D39D23A217822A2300213D63 /* FutureKit */ = {
			isa = PBXGroup;
			children = (
				D39D23CA17822A7B00213D63 /* Source */,
				D39D23A317822A2300213D63 /* Supporting Files */,
			);
			path = FutureKit;
			sourceTree = "<group>";
		};
		D39D23A317822A2300213D63 /* Supporting Files */ = {
			isa = PBXGroup;
			children = (
				D39D23A417822A2300213D63 /* FutureKit-Info.plist */,
				D39D23A817822A2300213D63 /* FutureKit-Prefix.pch */,
			);
			name = "Supporting Files";
			sourceTree = "<group>";
		};
		D39D23B917822A2400213D63 /* FutureKitTests */ = {
			isa = PBXGroup;
			children = (
				D39D23CB17822AA400213D63 /* Source */,
				D39D23BA17822A2400213D63 /* Supporting Files */,
			);
			path = FutureKitTests;
			sourceTree = "<group>";
		};
		D39D23BA17822A2400213D63 /* Supporting Files */ = {
			isa = PBXGroup;
			children = (
				D39D23BB17822A2400213D63 /* FutureKitTests-Info.plist */,
			);
			name = "Supporting Files";
			sourceTree = "<group>";
		};
		D39D23CA17822A7B00213D63 /* Source */ = {
			isa = PBXGroup;
			children = (
				D39D23E71782360500213D63 /* future */,
			);
			name = Source;
			sourceTree = "<group>";
		};
		D39D23CB17822AA400213D63 /* Source */ = {
			isa = PBXGroup;
			children = (
				D39D23CC17822AAB00213D63 /* future */,
			);
			name = Source;
			sourceTree = "<group>";
		};
		D39D23CC17822AAB00213D63 /* future */ = {
			isa = PBXGroup;
			children = (
				D39D23CD17822AAB00213D63 /* FutureKitTests.h */,
				D39D23CE17822AAB00213D63 /* FutureKitTests.m */,
			);
			name = future;
			path = source/future;
			sourceTree = "<group>";
		};
		D39D23E71782360500213D63 /* future */ = {
			isa = PBXGroup;
			children = (
				D39D23E81782360500213D63 /* FKFuture.h */,
				D39D23E91782360500213D63 /* FKFuture.m */,
				D39D23EC1782369300213D63 /* FutureKit.h */,
			);
			name = future;
			path = source/future;
			sourceTree = "<group>";
		};
/* End PBXGroup section */

/* Begin PBXHeadersBuildPhase section */
		D39D239817822A2300213D63 /* Headers */ = {
			isa = PBXHeadersBuildPhase;
			buildActionMask = 2147483647;
			files = (
				D39D23EA1782360500213D63 /* FKFuture.h in Headers */,
				D39D23ED1782369300213D63 /* FutureKit.h in Headers */,
			);
			runOnlyForDeploymentPostprocessing = 0;
		};
/* End PBXHeadersBuildPhase section */

/* Begin PBXNativeTarget section */
		D39D239C17822A2300213D63 /* FutureKit */ = {
			isa = PBXNativeTarget;
			buildConfigurationList = D39D23C417822A2400213D63 /* Build configuration list for PBXNativeTarget "FutureKit" */;
			buildPhases = (
				D39D239617822A2300213D63 /* Sources */,
				D39D239717822A2300213D63 /* Frameworks */,
				D39D239817822A2300213D63 /* Headers */,
				D39D239917822A2300213D63 /* Resources */,
			);
			buildRules = (
			);
			dependencies = (
			);
			name = FutureKit;
			productName = FutureKit;
			productReference = D39D239D17822A2300213D63 /* FutureKit.framework */;
			productType = "com.apple.product-type.framework.static";
		};
		D39D23AD17822A2400213D63 /* FutureKitTests */ = {
			isa = PBXNativeTarget;
			buildConfigurationList = D39D23C717822A2400213D63 /* Build configuration list for PBXNativeTarget "FutureKitTests" */;
			buildPhases = (
				D39D23A917822A2400213D63 /* Sources */,
				D39D23AA17822A2400213D63 /* Frameworks */,
				D39D23AB17822A2400213D63 /* Resources */,
				D39D23AC17822A2400213D63 /* ShellScript */,
			);
			buildRules = (
			);
			dependencies = (
				D39D23B517822A2400213D63 /* PBXTargetDependency */,
				D39D23B717822A2400213D63 /* PBXTargetDependency */,
			);
			name = FutureKitTests;
			productName = FutureKitTests;
			productReference = D39D23AE17822A2400213D63 /* FutureKitTests.octest */;
			productType = "com.apple.product-type.bundle.ocunit-test";
		};
/* End PBXNativeTarget section */

/* Begin PBXProject section */
		D39D239117822A2300213D63 /* Project object */ = {
			isa = PBXProject;
			attributes = {
				LastTestingUpgradeCheck = 0600;
				LastUpgradeCheck = 0500;
				ORGANIZATIONNAME = "Brian William Wolter";
			};
			buildConfigurationList = D39D239417822A2300213D63 /* Build configuration list for PBXProject "FutureKit" */;
			compatibilityVersion = "Xcode 3.2";
			developmentRegion = English;
			hasScannedForEncodings = 0;
			knownRegions = (
				en,
			);
			mainGroup = D39D239017822A2300213D63;
			productRefGroup = D39D239E17822A2300213D63 /* Products */;
			projectDirPath = "";
			projectRoot = "";
			targets = (
				D39D239C17822A2300213D63 /* FutureKit */,
				D39D23AD17822A2400213D63 /* FutureKitTests */,
			);
		};
/* End PBXProject section */

/* Begin PBXResourcesBuildPhase section */
		D39D239917822A2300213D63 /* Resources */ = {
			isa = PBXResourcesBuildPhase;
			buildActionMask = 2147483647;
			files = (
			);
			runOnlyForDeploymentPostprocessing = 0;
		};
		D39D23AB17822A2400213D63 /* Resources */ = {
			isa = PBXResourcesBuildPhase;
			buildActionMask = 2147483647;
			files = (
			);
			runOnlyForDeploymentPostprocessing = 0;
		};
/* End PBXResourcesBuildPhase section */

/* Begin PBXShellScriptBuildPhase section */
		D39D23AC17822A2400213D63 /* ShellScript */ = {
			isa = PBXShellScriptBuildPhase;
			buildActionMask = 2147483647;
			files = (
			);
			inputPaths = (
			);
			outputPaths = (
			);
			runOnlyForDeploymentPostprocessing = 0;
			shellPath = /bin/sh;
			shellScript = "# Run the unit tests in this test bundle.\n\"${SYSTEM_DEVELOPER_DIR}/Tools/RunUnitTests\"\n";
		};
/* End PBXShellScriptBuildPhase section */

/* Begin PBXSourcesBuildPhase section */
		D39D239617822A2300213D63 /* Sources */ = {
			isa = PBXSourcesBuildPhase;
			buildActionMask = 2147483647;
			files = (
				D39D23EB1782360500213D63 /* FKFuture.m in Sources */,
			);
			runOnlyForDeploymentPostprocessing = 0;
		};
		D39D23A917822A2400213D63 /* Sources */ = {
			isa = PBXSourcesBuildPhase;
			buildActionMask = 2147483647;
			files = (
				D39D23CF17822AAB00213D63 /* FutureKitTests.m in Sources */,
			);
			runOnlyForDeploymentPostprocessing = 0;
		};
/* End PBXSourcesBuildPhase section */

/* Begin PBXTargetDependency section */
		D39D23B517822A2400213D63 /* PBXTargetDependency */ = {
			isa = PBXTargetDependency;
			target = D39D239C17822A2300213D63 /* FutureKit */;
			targetProxy = D39D23B417822A2400213D63 /* PBXContainerItemProxy */;
		};
		D39D23B717822A2400213D63 /* PBXTargetDependency */ = {
			isa = PBXTargetDependency;
			target = D39D239C17822A2300213D63 /* FutureKit */;
			targetProxy = D39D23B617822A2400213D63 /* PBXContainerItemProxy */;
		};
/* End PBXTargetDependency section */

/* Begin XCBuildConfiguration section */
		D39D23C217822A2400213D63 /* Debug */ = {
			isa = XCBuildConfiguration;
			baseConfigurationReference = D39D23E317822AEB00213D63 /* project.xcconfig */;
			buildSettings = {
				ALWAYS_SEARCH_USER_PATHS = NO;
				CLANG_CXX_LANGUAGE_STANDARD = "gnu++0x";
				CLANG_CXX_LIBRARY = "libc++";
				CLANG_WARN_CONSTANT_CONVERSION = YES;
				CLANG_WARN_EMPTY_BODY = YES;
				CLANG_WARN_ENUM_CONVERSION = YES;
				CLANG_WARN_INT_CONVERSION = YES;
				CLANG_WARN__DUPLICATE_METHOD_MATCH = YES;
				COPY_PHASE_STRIP = NO;
				GCC_C_LANGUAGE_STANDARD = gnu99;
				GCC_DYNAMIC_NO_PIC = NO;
				GCC_OPTIMIZATION_LEVEL = 0;
				GCC_PREPROCESSOR_DEFINITIONS = (
					"DEBUG=1",
					"$(inherited)",
				);
				GCC_SYMBOLS_PRIVATE_EXTERN = NO;
				GCC_WARN_ABOUT_RETURN_TYPE = YES;
				GCC_WARN_UNINITIALIZED_AUTOS = YES;
				GCC_WARN_UNUSED_VARIABLE = YES;
				IPHONEOS_DEPLOYMENT_TARGET = 6.1;
				ONLY_ACTIVE_ARCH = YES;
			};
			name = Debug;
		};
		D39D23C317822A2400213D63 /* Release */ = {
			isa = XCBuildConfiguration;
			baseConfigurationReference = D39D23E317822AEB00213D63 /* project.xcconfig */;
			buildSettings = {
				ALWAYS_SEARCH_USER_PATHS = NO;
				CLANG_CXX_LANGUAGE_STANDARD = "gnu++0x";
				CLANG_CXX_LIBRARY = "libc++";
				CLANG_WARN_CONSTANT_CONVERSION = YES;
				CLANG_WARN_EMPTY_BODY = YES;
				CLANG_WARN_ENUM_CONVERSION = YES;
				CLANG_WARN_INT_CONVERSION = YES;
				CLANG_WARN__DUPLICATE_METHOD_MATCH = YES;
				COPY_PHASE_STRIP = YES;
				GCC_C_LANGUAGE_STANDARD = gnu99;
				GCC_WARN_ABOUT_RETURN_TYPE = YES;
				GCC_WARN_UNINITIALIZED_AUTOS = YES;
				GCC_WARN_UNUSED_VARIABLE = YES;
				IPHONEOS_DEPLOYMENT_TARGET = 6.1;
				VALIDATE_PRODUCT = YES;
			};
			name = Release;
		};
		D39D23C517822A2400213D63 /* Debug */ = {
			isa = XCBuildConfiguration;
			buildSettings = {
				COMBINE_HIDPI_IMAGES = YES;
				DYLIB_COMPATIBILITY_VERSION = 1;
				DYLIB_CURRENT_VERSION = 1;
				FRAMEWORK_VERSION = A;
				GCC_PRECOMPILE_PREFIX_HEADER = YES;
				GCC_PREFIX_HEADER = "FutureKit/source/FutureKit-Prefix.pch";
				INFOPLIST_FILE = "FutureKit/resources/FutureKit-Info.plist";
				PRODUCT_NAME = "$(TARGET_NAME)";
				SKIP_INSTALL = YES;
				WRAPPER_EXTENSION = framework;
			};
			name = Debug;
		};
		D39D23C617822A2400213D63 /* Release */ = {
			isa = XCBuildConfiguration;
			buildSettings = {
				COMBINE_HIDPI_IMAGES = YES;
				DYLIB_COMPATIBILITY_VERSION = 1;
				DYLIB_CURRENT_VERSION = 1;
				FRAMEWORK_VERSION = A;
				GCC_PRECOMPILE_PREFIX_HEADER = YES;
				GCC_PREFIX_HEADER = "FutureKit/source/FutureKit-Prefix.pch";
				INFOPLIST_FILE = "FutureKit/resources/FutureKit-Info.plist";
				PRODUCT_NAME = "$(TARGET_NAME)";
				SKIP_INSTALL = YES;
				WRAPPER_EXTENSION = framework;
			};
			name = Release;
		};
		D39D23C817822A2400213D63 /* Debug */ = {
			isa = XCBuildConfiguration;
			buildSettings = {
				COMBINE_HIDPI_IMAGES = YES;
				FRAMEWORK_SEARCH_PATHS = (
					"\"$(SDKROOT)/Developer/Library/Frameworks\"",
					"\"$(DEVELOPER_LIBRARY_DIR)/Frameworks\"",
				);
				GCC_PRECOMPILE_PREFIX_HEADER = YES;
				GCC_PREFIX_HEADER = "FutureKit/source/FutureKit-Prefix.pch";
				INFOPLIST_FILE = "FutureKitTests/resources/FutureKitTests-Info.plist";
				PRODUCT_NAME = "$(TARGET_NAME)";
				WRAPPER_EXTENSION = octest;
			};
			name = Debug;
		};
		D39D23C917822A2400213D63 /* Release */ = {
			isa = XCBuildConfiguration;
			buildSettings = {
				COMBINE_HIDPI_IMAGES = YES;
				FRAMEWORK_SEARCH_PATHS = (
					"\"$(SDKROOT)/Developer/Library/Frameworks\"",
					"\"$(DEVELOPER_LIBRARY_DIR)/Frameworks\"",
				);
				GCC_PRECOMPILE_PREFIX_HEADER = YES;
				GCC_PREFIX_HEADER = "FutureKit/source/FutureKit-Prefix.pch";
				INFOPLIST_FILE = "FutureKitTests/resources/FutureKitTests-Info.plist";
				PRODUCT_NAME = "$(TARGET_NAME)";
				WRAPPER_EXTENSION = octest;
			};
			name = Release;
		};
/* End XCBuildConfiguration section */

/* Begin XCConfigurationList section */
		D39D239417822A2300213D63 /* Build configuration list for PBXProject "FutureKit" */ = {
			isa = XCConfigurationList;
			buildConfigurations = (
				D39D23C217822A2400213D63 /* Debug */,
				D39D23C317822A2400213D63 /* Release */,
			);
			defaultConfigurationIsVisible = 0;
			defaultConfigurationName = Release;
		};
		D39D23C417822A2400213D63 /* Build configuration list for PBXNativeTarget "FutureKit" */ = {
			isa = XCConfigurationList;
			buildConfigurations = (
				D39D23C517822A2400213D63 /* Debug */,
				D39D23C617822A2400213D63 /* Release */,
			);
			defaultConfigurationIsVisible = 0;
			defaultConfigurationName = Release;
		};
		D39D23C717822A2400213D63 /* Build configuration list for PBXNativeTarget "FutureKitTests" */ = {
			isa = XCConfigurationList;
			buildConfigurations = (
				D39D23C817822A2400213D63 /* Debug */,
				D39D23C917822A2400213D63 /* Release */,
			);
			defaultConfigurationIsVisible = 0;
			defaultConfigurationName = Release;
		};
/* End XCConfigurationList section */
	};
	rootObject = D39D239117822A2300213D63 /* Project object */;
}
